
Microsoft Visual Studio Solution File, Format Version 12.00
Project("{FAE04EC0-301F-11D3-BF4B-00C04F79EFBC}") = "WebAPI", "WebAPI\WebAPI.csproj", "{45F72B59-1D17-409B-8D4D-0A833EC07146}"
EndProject
Project("{FAE04EC0-301F-11D3-BF4B-00C04F79EFBC}") = "Models", "Models\Models.csproj", "{9644985B-6C5F-440C-BD36-BB59572A0B8F}"
EndProject
Project("{FAE04EC0-301F-11D3-BF4B-00C04F79EFBC}") = "Services", "Services\Services.csproj", "{19743297-F544-4E1A-8657-675B77E0683F}"
EndProject
Global
	GlobalSection(SolutionConfigurationPlatforms) = preSolution
		Debug|Any CPU = Debug|Any CPU
		Release|Any CPU = Release|Any CPU
	EndGlobalSection
	GlobalSection(ProjectConfigurationPlatforms) = postSolution
		{45F72B59-1D17-409B-8D4D-0A833EC07146}.Debug|Any CPU.ActiveCfg = Debug|Any CPU
		{45F72B59-1D17-409B-8D4D-0A833EC07146}.Debug|Any CPU.Build.0 = Debug|Any CPU
		{45F72B59-1D17-409B-8D4D-0A833EC07146}.Release|Any CPU.ActiveCfg = Release|Any CPU
		{45F72B59-1D17-409B-8D4D-0A833EC07146}.Release|Any CPU.Build.0 = Release|Any CPU
		{9644985B-6C5F-440C-BD36-BB59572A0B8F}.Debug|Any CPU.ActiveCfg = Debug|Any CPU
		{9644985B-6C5F-440C-BD36-BB59572A0B8F}.Debug|Any CPU.Build.0 = Debug|Any CPU
		{9644985B-6C5F-440C-BD36-BB59572A0B8F}.Release|Any CPU.ActiveCfg = Release|Any CPU
		{9644985B-6C5F-440C-BD36-BB59572A0B8F}.Release|Any CPU.Build.0 = Release|Any CPU
		{19743297-F544-4E1A-8657-675B77E0683F}.Debug|Any CPU.ActiveCfg = Debug|Any CPU
		{19743297-F544-4E1A-8657-675B77E0683F}.Debug|Any CPU.Build.0 = Debug|Any CPU
		{19743297-F544-4E1A-8657-675B77E0683F}.Release|Any CPU.ActiveCfg = Release|Any CPU
		{19743297-F544-4E1A-8657-675B77E0683F}.Release|Any CPU.Build.0 = Release|Any CPU
	EndGlobalSection
EndGlobal
